// !$*UTF8*$!
{
	archiveVersion = 1;
	classes = {
	};
	objectVersion = 46;
	objects = {

/* Begin PBXBuildFile section */
		00E356F31AD99517003FC87E /* ParqNativeTests.m in Sources */ = {isa = PBXBuildFile; fileRef = 00E356F21AD99517003FC87E /* ParqNativeTests.m */; };
		13B07FBC1A68108700A75B9A /* AppDelegate.m in Sources */ = {isa = PBXBuildFile; fileRef = 13B07FB01A68108700A75B9A /* AppDelegate.m */; };
		13B07FBD1A68108700A75B9A /* LaunchScreen.xib in Resources */ = {isa = PBXBuildFile; fileRef = 13B07FB11A68108700A75B9A /* LaunchScreen.xib */; };
		13B07FBF1A68108700A75B9A /* Images.xcassets in Resources */ = {isa = PBXBuildFile; fileRef = 13B07FB51A68108700A75B9A /* Images.xcassets */; };
		13B07FC11A68108700A75B9A /* main.m in Sources */ = {isa = PBXBuildFile; fileRef = 13B07FB71A68108700A75B9A /* main.m */; };
		2D02E4BC1E0B4A80006451C7 /* AppDelegate.m in Sources */ = {isa = PBXBuildFile; fileRef = 13B07FB01A68108700A75B9A /* AppDelegate.m */; };
		2D02E4BD1E0B4A84006451C7 /* Images.xcassets in Resources */ = {isa = PBXBuildFile; fileRef = 13B07FB51A68108700A75B9A /* Images.xcassets */; };
		2D02E4BF1E0B4AB3006451C7 /* main.m in Sources */ = {isa = PBXBuildFile; fileRef = 13B07FB71A68108700A75B9A /* main.m */; };
		2DCD954D1E0B4F2C00145EB5 /* ParqNativeTests.m in Sources */ = {isa = PBXBuildFile; fileRef = 00E356F21AD99517003FC87E /* ParqNativeTests.m */; };
		7A9B9E5326294125A35AC8EB /* AntDesign.ttf in Resources */ = {isa = PBXBuildFile; fileRef = 76B1D257B9C34C959202CC56 /* AntDesign.ttf */; };
		24478A7B796B488D86D1D7B6 /* Entypo.ttf in Resources */ = {isa = PBXBuildFile; fileRef = B3FDC495ED1E4264A60B58FA /* Entypo.ttf */; };
		885E1D1DC2F546FA9EB759F4 /* EvilIcons.ttf in Resources */ = {isa = PBXBuildFile; fileRef = EBFEE172EE23445DB26BD7B6 /* EvilIcons.ttf */; };
		2E875F5F610145B889A7E87C /* Feather.ttf in Resources */ = {isa = PBXBuildFile; fileRef = 4AB70C51341F474F97069B6C /* Feather.ttf */; };
		55334D05F79B4CA381548F1C /* FontAwesome.ttf in Resources */ = {isa = PBXBuildFile; fileRef = D3E694403E954D759F593E13 /* FontAwesome.ttf */; };
		A9643CF76B884A0CA89ADA84 /* FontAwesome5_Brands.ttf in Resources */ = {isa = PBXBuildFile; fileRef = C84C4CA25ECB415FB4FA53B7 /* FontAwesome5_Brands.ttf */; };
		5C55813584E64AAFA0DDA2CA /* FontAwesome5_Regular.ttf in Resources */ = {isa = PBXBuildFile; fileRef = AC98DA449D984F7E8149C338 /* FontAwesome5_Regular.ttf */; };
		32348DBD00204BC7B3AF9193 /* FontAwesome5_Solid.ttf in Resources */ = {isa = PBXBuildFile; fileRef = 98C86677C2534F19819968C0 /* FontAwesome5_Solid.ttf */; };
		572C6F6B9BC6471B9FC5E647 /* Fontisto.ttf in Resources */ = {isa = PBXBuildFile; fileRef = 66363E6F936B437487C38592 /* Fontisto.ttf */; };
		EE3C442727E242B1AB1EA8C4 /* Foundation.ttf in Resources */ = {isa = PBXBuildFile; fileRef = 818839CF38804FA7962B1AB2 /* Foundation.ttf */; };
		6CA51B8893A344CCBAC37B0C /* Ionicons.ttf in Resources */ = {isa = PBXBuildFile; fileRef = 43FF14C061764EB69C5BA54B /* Ionicons.ttf */; };
		BCA8DEE8F8AF4E65AE3A03D0 /* MaterialCommunityIcons.ttf in Resources */ = {isa = PBXBuildFile; fileRef = C1D4512C74A348E7A3AB8A9D /* MaterialCommunityIcons.ttf */; };
		8A8A5F33DADC417D96FE091C /* MaterialIcons.ttf in Resources */ = {isa = PBXBuildFile; fileRef = 18DF8784719B48BFA7FFFA23 /* MaterialIcons.ttf */; };
		2B5D78708F154A66AD0B065A /* Octicons.ttf in Resources */ = {isa = PBXBuildFile; fileRef = F4BC4BAE6DE04D3C8E7C7FCC /* Octicons.ttf */; };
		9A7F6D01DE24477F9F90F2AB /* SimpleLineIcons.ttf in Resources */ = {isa = PBXBuildFile; fileRef = A43B68CBAF4D4E3B879C371E /* SimpleLineIcons.ttf */; };
		61F312CBF8364A59B2F8BDE3 /* Zocial.ttf in Resources */ = {isa = PBXBuildFile; fileRef = 80161F1F25194F938EDF552C /* Zocial.ttf */; };
		A5D997DBCA2E4EC4A53BFBAB /* GothicA1-Black.ttf in Resources */ = {isa = PBXBuildFile; fileRef = 2DD3755FD89349838A7CCB48 /* GothicA1-Black.ttf */; };
		647F13E62F89451D9F393029 /* GothicA1-Bold.ttf in Resources */ = {isa = PBXBuildFile; fileRef = 9941B67102EB4558AB006987 /* GothicA1-Bold.ttf */; };
		DFF7A8B951FC4A03BFB77051 /* GothicA1-ExtraBold.ttf in Resources */ = {isa = PBXBuildFile; fileRef = 1CFC78CD3317401E92FB2B09 /* GothicA1-ExtraBold.ttf */; };
		B67A4AFE46BA432D8D1C3786 /* GothicA1-ExtraLight.ttf in Resources */ = {isa = PBXBuildFile; fileRef = 3CF656EA1A0947F7BB1AE404 /* GothicA1-ExtraLight.ttf */; };
		12A9B8D13F504004AA1FF25B /* GothicA1-Light.ttf in Resources */ = {isa = PBXBuildFile; fileRef = A5969078A1ED447DB5955865 /* GothicA1-Light.ttf */; };
		AB44C57E2589480982276092 /* GothicA1-Medium.ttf in Resources */ = {isa = PBXBuildFile; fileRef = 586864D26ABA49C9BC5C25BE /* GothicA1-Medium.ttf */; };
		C7420430EA21478D87758621 /* GothicA1-Regular.ttf in Resources */ = {isa = PBXBuildFile; fileRef = 61540D4E45B04F44A4338330 /* GothicA1-Regular.ttf */; };
		CB7D901B8693429BAD233BB6 /* GothicA1-SemiBold.ttf in Resources */ = {isa = PBXBuildFile; fileRef = F741E10E59004ED6B65BD6C2 /* GothicA1-SemiBold.ttf */; };
		500AAD5FEB2442318A091FCA /* GothicA1-Thin.ttf in Resources */ = {isa = PBXBuildFile; fileRef = 6687509144AB4A88B834B121 /* GothicA1-Thin.ttf */; };
		3FF0496B5F4F4F048FAB0949 /* Montserrat-Black.ttf in Resources */ = {isa = PBXBuildFile; fileRef = AD1249893BFB45CAB717D537 /* Montserrat-Black.ttf */; };
		B95F23DC8783446DB1EC949C /* Montserrat-BlackItalic.ttf in Resources */ = {isa = PBXBuildFile; fileRef = 0C96DE98F28E4407AC699796 /* Montserrat-BlackItalic.ttf */; };
		31A817E305E4416BA49E9C30 /* Montserrat-Bold.ttf in Resources */ = {isa = PBXBuildFile; fileRef = 9597F9F448ED4E6FA1D1033C /* Montserrat-Bold.ttf */; };
		2338D1222FEF4537B5275507 /* Montserrat-BoldItalic.ttf in Resources */ = {isa = PBXBuildFile; fileRef = 0656C98D3B384E0A9B5B8935 /* Montserrat-BoldItalic.ttf */; };
		86B1B4C88300499C84B599D8 /* Montserrat-ExtraBold.ttf in Resources */ = {isa = PBXBuildFile; fileRef = 35AB816FBFF9473EB43A9AE7 /* Montserrat-ExtraBold.ttf */; };
		A8BFE7F733054A34A0F13FF2 /* Montserrat-ExtraBoldItalic.ttf in Resources */ = {isa = PBXBuildFile; fileRef = 1C083FE076CC4B51B7EEE59B /* Montserrat-ExtraBoldItalic.ttf */; };
		5EE84448B5C64427A2595221 /* Montserrat-ExtraLight.ttf in Resources */ = {isa = PBXBuildFile; fileRef = 9E6D6C1DA8344D65B285AD63 /* Montserrat-ExtraLight.ttf */; };
		50236CD70EF24C5997D87FD4 /* Montserrat-ExtraLightItalic.ttf in Resources */ = {isa = PBXBuildFile; fileRef = B5389FBC86374D038211692E /* Montserrat-ExtraLightItalic.ttf */; };
		8C664101AEAB474AA8EDC828 /* Montserrat-Italic.ttf in Resources */ = {isa = PBXBuildFile; fileRef = 3AE36DA082F44B8693085562 /* Montserrat-Italic.ttf */; };
		BBEEB6B73AC7446EB6902DBE /* Montserrat-Light.ttf in Resources */ = {isa = PBXBuildFile; fileRef = F6B73F84A07142FA8AE3B6C1 /* Montserrat-Light.ttf */; };
		040293F117C3471B85AE4434 /* Montserrat-LightItalic.ttf in Resources */ = {isa = PBXBuildFile; fileRef = E73E6C4CE60B4DFEB1831E50 /* Montserrat-LightItalic.ttf */; };
		C72D150FF228443DBF32D4FB /* Montserrat-Medium.ttf in Resources */ = {isa = PBXBuildFile; fileRef = F6F3635587B64C82ADA153B6 /* Montserrat-Medium.ttf */; };
		59CB0426F18A4BBA9C1EDF93 /* Montserrat-MediumItalic.ttf in Resources */ = {isa = PBXBuildFile; fileRef = C6EAED607E2141C79DAA1228 /* Montserrat-MediumItalic.ttf */; };
		A2A3C597FE4245F0B474D101 /* Montserrat-Regular.ttf in Resources */ = {isa = PBXBuildFile; fileRef = 1413850C01144424A69D4B6B /* Montserrat-Regular.ttf */; };
		B5DCB404579D4DE2823CE05C /* Montserrat-SemiBold.ttf in Resources */ = {isa = PBXBuildFile; fileRef = 03F7BE88A4A040A7A9A1F80B /* Montserrat-SemiBold.ttf */; };
		5A73E56AA1264D98AF0DE22D /* Montserrat-SemiBoldItalic.ttf in Resources */ = {isa = PBXBuildFile; fileRef = 7533D67E0FAF49CF954DF5DD /* Montserrat-SemiBoldItalic.ttf */; };
		E6BC35FE9B5B4428A73822D7 /* Montserrat-Thin.ttf in Resources */ = {isa = PBXBuildFile; fileRef = 7DFDA66B6782495EA662716D /* Montserrat-Thin.ttf */; };
		39873A0BC8BB426A91CCDB72 /* Montserrat-ThinItalic.ttf in Resources */ = {isa = PBXBuildFile; fileRef = F238B51A2D2446639D3549F7 /* Montserrat-ThinItalic.ttf */; };
		40F12DA7E8D042F0A4F6DB83 /* Roboto-Black.ttf in Resources */ = {isa = PBXBuildFile; fileRef = 15E8FCCE20DE44AB8B2CB1EB /* Roboto-Black.ttf */; };
		9C6241FC5D414204BDA551D6 /* Roboto-BlackItalic.ttf in Resources */ = {isa = PBXBuildFile; fileRef = 8DA31CCEA4CA4462A2DC7299 /* Roboto-BlackItalic.ttf */; };
		F0020FCCAC4E49C3A6AF6347 /* Roboto-Bold.ttf in Resources */ = {isa = PBXBuildFile; fileRef = AC09F586B632444A92700087 /* Roboto-Bold.ttf */; };
		0F47E385136F42B59301F6D2 /* Roboto-BoldItalic.ttf in Resources */ = {isa = PBXBuildFile; fileRef = E0F20F78B61D4293AF043158 /* Roboto-BoldItalic.ttf */; };
		457EBA6D834B4D5E83314E6A /* Roboto-Italic.ttf in Resources */ = {isa = PBXBuildFile; fileRef = 743BDA4247154A8C811AC5B9 /* Roboto-Italic.ttf */; };
		1ACF073A59B4497399DE2B0A /* Roboto-Light.ttf in Resources */ = {isa = PBXBuildFile; fileRef = 49A847B7FB2E4424819AAC53 /* Roboto-Light.ttf */; };
		96DA8C6B988F491DB53840E0 /* Roboto-LightItalic.ttf in Resources */ = {isa = PBXBuildFile; fileRef = 8F2B8263C41146BF8BA61145 /* Roboto-LightItalic.ttf */; };
		342CD254FDF54AB6929D453F /* Roboto-Medium.ttf in Resources */ = {isa = PBXBuildFile; fileRef = 92C32D0795B0435E9BC60B3B /* Roboto-Medium.ttf */; };
		0F5F0D395C624FF3A7F79E32 /* Roboto-MediumItalic.ttf in Resources */ = {isa = PBXBuildFile; fileRef = 07A4DD29D9C94B66BAED1EC9 /* Roboto-MediumItalic.ttf */; };
		3BECD0B6444F4C489D4784DD /* Roboto-Regular.ttf in Resources */ = {isa = PBXBuildFile; fileRef = DD61C88F357146A39FEB5D0B /* Roboto-Regular.ttf */; };
		BB89E27DD8574556ABD592AA /* Roboto-Thin.ttf in Resources */ = {isa = PBXBuildFile; fileRef = D039DE2EB4644C869D61306C /* Roboto-Thin.ttf */; };
		8CE30BC97A654912BD5F8311 /* Roboto-ThinItalic.ttf in Resources */ = {isa = PBXBuildFile; fileRef = 467565012D144BCEB5D31BBB /* Roboto-ThinItalic.ttf */; };
		5E86CCD16C9E4A9397B02508 /* Muli-Black.ttf in Resources */ = {isa = PBXBuildFile; fileRef = 995225EA613F4962ADF13DE2 /* Muli-Black.ttf */; };
		6CC4F90B3AD0411B9C912816 /* Muli-Bold.ttf in Resources */ = {isa = PBXBuildFile; fileRef = 49C392ED7F7343AD9E803E85 /* Muli-Bold.ttf */; };
		1E57B1597B1F42AD96D36754 /* Muli-ExtraBold.ttf in Resources */ = {isa = PBXBuildFile; fileRef = 266400520C3B4B4BBBE132D0 /* Muli-ExtraBold.ttf */; };
		4DE27C2C2EDB4490918E6283 /* Muli-ExtraLight.ttf in Resources */ = {isa = PBXBuildFile; fileRef = 6DD841340546464C8DFBDC7A /* Muli-ExtraLight.ttf */; };
		F2684A51B4CC4BCC880D818A /* Muli-Light.ttf in Resources */ = {isa = PBXBuildFile; fileRef = B9120180A10E4942B20A1878 /* Muli-Light.ttf */; };
		0DA3CD5A6060464D8DEED9AC /* Muli-Medium.ttf in Resources */ = {isa = PBXBuildFile; fileRef = A6D0E0D55A00456C8265C769 /* Muli-Medium.ttf */; };
		904955C5E7D54C00A5E9C883 /* Muli-Regular.ttf in Resources */ = {isa = PBXBuildFile; fileRef = CD32808AE7A5466486B57292 /* Muli-Regular.ttf */; };
		D0373F134D994A6397B021C5 /* Muli-SemiBold.ttf in Resources */ = {isa = PBXBuildFile; fileRef = D729FAF974CD47BA989B4CB6 /* Muli-SemiBold.ttf */; };
/* End PBXBuildFile section */

/* Begin PBXContainerItemProxy section */
		00E356F41AD99517003FC87E /* PBXContainerItemProxy */ = {
			isa = PBXContainerItemProxy;
			containerPortal = 83CBB9F71A601CBA00E9B192 /* Project object */;
			proxyType = 1;
			remoteGlobalIDString = 13B07F861A680F5B00A75B9A;
			remoteInfo = ParqNative;
		};
		2D02E4911E0B4A5D006451C7 /* PBXContainerItemProxy */ = {
			isa = PBXContainerItemProxy;
			containerPortal = 83CBB9F71A601CBA00E9B192 /* Project object */;
			proxyType = 1;
			remoteGlobalIDString = 2D02E47A1E0B4A5D006451C7;
			remoteInfo = "ParqNative-tvOS";
		};
/* End PBXContainerItemProxy section */

/* Begin PBXFileReference section */
		008F07F21AC5B25A0029DE68 /* main.jsbundle */ = {isa = PBXFileReference; fileEncoding = 4; lastKnownFileType = text; path = main.jsbundle; sourceTree = "<group>"; };
		00E356EE1AD99517003FC87E /* ParqNativeTests.xctest */ = {isa = PBXFileReference; explicitFileType = wrapper.cfbundle; includeInIndex = 0; path = ParqNativeTests.xctest; sourceTree = BUILT_PRODUCTS_DIR; };
		00E356F11AD99517003FC87E /* Info.plist */ = {isa = PBXFileReference; lastKnownFileType = text.plist.xml; path = Info.plist; sourceTree = "<group>"; };
		00E356F21AD99517003FC87E /* ParqNativeTests.m */ = {isa = PBXFileReference; lastKnownFileType = sourcecode.c.objc; path = ParqNativeTests.m; sourceTree = "<group>"; };
		13B07F961A680F5B00A75B9A /* ParqNative.app */ = {isa = PBXFileReference; explicitFileType = wrapper.application; includeInIndex = 0; path = ParqNative.app; sourceTree = BUILT_PRODUCTS_DIR; };
		13B07FAF1A68108700A75B9A /* AppDelegate.h */ = {isa = PBXFileReference; fileEncoding = 4; lastKnownFileType = sourcecode.c.h; name = AppDelegate.h; path = ParqNative/AppDelegate.h; sourceTree = "<group>"; };
		13B07FB01A68108700A75B9A /* AppDelegate.m */ = {isa = PBXFileReference; fileEncoding = 4; lastKnownFileType = sourcecode.c.objc; name = AppDelegate.m; path = ParqNative/AppDelegate.m; sourceTree = "<group>"; };
		13B07FB21A68108700A75B9A /* Base */ = {isa = PBXFileReference; lastKnownFileType = file.xib; name = Base; path = Base.lproj/LaunchScreen.xib; sourceTree = "<group>"; };
		13B07FB51A68108700A75B9A /* Images.xcassets */ = {isa = PBXFileReference; lastKnownFileType = folder.assetcatalog; name = Images.xcassets; path = ParqNative/Images.xcassets; sourceTree = "<group>"; };
		13B07FB61A68108700A75B9A /* Info.plist */ = {isa = PBXFileReference; fileEncoding = 4; lastKnownFileType = text.plist.xml; name = Info.plist; path = ParqNative/Info.plist; sourceTree = "<group>"; };
		13B07FB71A68108700A75B9A /* main.m */ = {isa = PBXFileReference; fileEncoding = 4; lastKnownFileType = sourcecode.c.objc; name = main.m; path = ParqNative/main.m; sourceTree = "<group>"; };
		2D02E47B1E0B4A5D006451C7 /* ParqNative-tvOS.app */ = {isa = PBXFileReference; explicitFileType = wrapper.application; includeInIndex = 0; path = "ParqNative-tvOS.app"; sourceTree = BUILT_PRODUCTS_DIR; };
		2D02E4901E0B4A5D006451C7 /* ParqNative-tvOSTests.xctest */ = {isa = PBXFileReference; explicitFileType = wrapper.cfbundle; includeInIndex = 0; path = "ParqNative-tvOSTests.xctest"; sourceTree = BUILT_PRODUCTS_DIR; };
		ED297162215061F000B7C4FE /* JavaScriptCore.framework */ = {isa = PBXFileReference; lastKnownFileType = wrapper.framework; name = JavaScriptCore.framework; path = System/Library/Frameworks/JavaScriptCore.framework; sourceTree = SDKROOT; };
		ED2971642150620600B7C4FE /* JavaScriptCore.framework */ = {isa = PBXFileReference; lastKnownFileType = wrapper.framework; name = JavaScriptCore.framework; path = Platforms/AppleTVOS.platform/Developer/SDKs/AppleTVOS12.0.sdk/System/Library/Frameworks/JavaScriptCore.framework; sourceTree = DEVELOPER_DIR; };
		76B1D257B9C34C959202CC56 /* AntDesign.ttf */ = {isa = PBXFileReference; name = "AntDesign.ttf"; path = "../node_modules/react-native-vector-icons/Fonts/AntDesign.ttf"; sourceTree = "<group>"; fileEncoding = undefined; lastKnownFileType = unknown; explicitFileType = undefined; includeInIndex = 0; };
		B3FDC495ED1E4264A60B58FA /* Entypo.ttf */ = {isa = PBXFileReference; name = "Entypo.ttf"; path = "../node_modules/react-native-vector-icons/Fonts/Entypo.ttf"; sourceTree = "<group>"; fileEncoding = undefined; lastKnownFileType = unknown; explicitFileType = undefined; includeInIndex = 0; };
		EBFEE172EE23445DB26BD7B6 /* EvilIcons.ttf */ = {isa = PBXFileReference; name = "EvilIcons.ttf"; path = "../node_modules/react-native-vector-icons/Fonts/EvilIcons.ttf"; sourceTree = "<group>"; fileEncoding = undefined; lastKnownFileType = unknown; explicitFileType = undefined; includeInIndex = 0; };
		4AB70C51341F474F97069B6C /* Feather.ttf */ = {isa = PBXFileReference; name = "Feather.ttf"; path = "../node_modules/react-native-vector-icons/Fonts/Feather.ttf"; sourceTree = "<group>"; fileEncoding = undefined; lastKnownFileType = unknown; explicitFileType = undefined; includeInIndex = 0; };
		D3E694403E954D759F593E13 /* FontAwesome.ttf */ = {isa = PBXFileReference; name = "FontAwesome.ttf"; path = "../node_modules/react-native-vector-icons/Fonts/FontAwesome.ttf"; sourceTree = "<group>"; fileEncoding = undefined; lastKnownFileType = unknown; explicitFileType = undefined; includeInIndex = 0; };
		C84C4CA25ECB415FB4FA53B7 /* FontAwesome5_Brands.ttf */ = {isa = PBXFileReference; name = "FontAwesome5_Brands.ttf"; path = "../node_modules/react-native-vector-icons/Fonts/FontAwesome5_Brands.ttf"; sourceTree = "<group>"; fileEncoding = undefined; lastKnownFileType = unknown; explicitFileType = undefined; includeInIndex = 0; };
		AC98DA449D984F7E8149C338 /* FontAwesome5_Regular.ttf */ = {isa = PBXFileReference; name = "FontAwesome5_Regular.ttf"; path = "../node_modules/react-native-vector-icons/Fonts/FontAwesome5_Regular.ttf"; sourceTree = "<group>"; fileEncoding = undefined; lastKnownFileType = unknown; explicitFileType = undefined; includeInIndex = 0; };
		98C86677C2534F19819968C0 /* FontAwesome5_Solid.ttf */ = {isa = PBXFileReference; name = "FontAwesome5_Solid.ttf"; path = "../node_modules/react-native-vector-icons/Fonts/FontAwesome5_Solid.ttf"; sourceTree = "<group>"; fileEncoding = undefined; lastKnownFileType = unknown; explicitFileType = undefined; includeInIndex = 0; };
		66363E6F936B437487C38592 /* Fontisto.ttf */ = {isa = PBXFileReference; name = "Fontisto.ttf"; path = "../node_modules/react-native-vector-icons/Fonts/Fontisto.ttf"; sourceTree = "<group>"; fileEncoding = undefined; lastKnownFileType = unknown; explicitFileType = undefined; includeInIndex = 0; };
		818839CF38804FA7962B1AB2 /* Foundation.ttf */ = {isa = PBXFileReference; name = "Foundation.ttf"; path = "../node_modules/react-native-vector-icons/Fonts/Foundation.ttf"; sourceTree = "<group>"; fileEncoding = undefined; lastKnownFileType = unknown; explicitFileType = undefined; includeInIndex = 0; };
		43FF14C061764EB69C5BA54B /* Ionicons.ttf */ = {isa = PBXFileReference; name = "Ionicons.ttf"; path = "../node_modules/react-native-vector-icons/Fonts/Ionicons.ttf"; sourceTree = "<group>"; fileEncoding = undefined; lastKnownFileType = unknown; explicitFileType = undefined; includeInIndex = 0; };
		C1D4512C74A348E7A3AB8A9D /* MaterialCommunityIcons.ttf */ = {isa = PBXFileReference; name = "MaterialCommunityIcons.ttf"; path = "../node_modules/react-native-vector-icons/Fonts/MaterialCommunityIcons.ttf"; sourceTree = "<group>"; fileEncoding = undefined; lastKnownFileType = unknown; explicitFileType = undefined; includeInIndex = 0; };
		18DF8784719B48BFA7FFFA23 /* MaterialIcons.ttf */ = {isa = PBXFileReference; name = "MaterialIcons.ttf"; path = "../node_modules/react-native-vector-icons/Fonts/MaterialIcons.ttf"; sourceTree = "<group>"; fileEncoding = undefined; lastKnownFileType = unknown; explicitFileType = undefined; includeInIndex = 0; };
		F4BC4BAE6DE04D3C8E7C7FCC /* Octicons.ttf */ = {isa = PBXFileReference; name = "Octicons.ttf"; path = "../node_modules/react-native-vector-icons/Fonts/Octicons.ttf"; sourceTree = "<group>"; fileEncoding = undefined; lastKnownFileType = unknown; explicitFileType = undefined; includeInIndex = 0; };
		A43B68CBAF4D4E3B879C371E /* SimpleLineIcons.ttf */ = {isa = PBXFileReference; name = "SimpleLineIcons.ttf"; path = "../node_modules/react-native-vector-icons/Fonts/SimpleLineIcons.ttf"; sourceTree = "<group>"; fileEncoding = undefined; lastKnownFileType = unknown; explicitFileType = undefined; includeInIndex = 0; };
		80161F1F25194F938EDF552C /* Zocial.ttf */ = {isa = PBXFileReference; name = "Zocial.ttf"; path = "../node_modules/react-native-vector-icons/Fonts/Zocial.ttf"; sourceTree = "<group>"; fileEncoding = undefined; lastKnownFileType = unknown; explicitFileType = undefined; includeInIndex = 0; };
		2DD3755FD89349838A7CCB48 /* GothicA1-Black.ttf */ = {isa = PBXFileReference; name = "GothicA1-Black.ttf"; path = "../assets/fonts/GothicA1-Black.ttf"; sourceTree = "<group>"; fileEncoding = undefined; lastKnownFileType = unknown; explicitFileType = undefined; includeInIndex = 0; };
		9941B67102EB4558AB006987 /* GothicA1-Bold.ttf */ = {isa = PBXFileReference; name = "GothicA1-Bold.ttf"; path = "../assets/fonts/GothicA1-Bold.ttf"; sourceTree = "<group>"; fileEncoding = undefined; lastKnownFileType = unknown; explicitFileType = undefined; includeInIndex = 0; };
		1CFC78CD3317401E92FB2B09 /* GothicA1-ExtraBold.ttf */ = {isa = PBXFileReference; name = "GothicA1-ExtraBold.ttf"; path = "../assets/fonts/GothicA1-ExtraBold.ttf"; sourceTree = "<group>"; fileEncoding = undefined; lastKnownFileType = unknown; explicitFileType = undefined; includeInIndex = 0; };
		3CF656EA1A0947F7BB1AE404 /* GothicA1-ExtraLight.ttf */ = {isa = PBXFileReference; name = "GothicA1-ExtraLight.ttf"; path = "../assets/fonts/GothicA1-ExtraLight.ttf"; sourceTree = "<group>"; fileEncoding = undefined; lastKnownFileType = unknown; explicitFileType = undefined; includeInIndex = 0; };
		A5969078A1ED447DB5955865 /* GothicA1-Light.ttf */ = {isa = PBXFileReference; name = "GothicA1-Light.ttf"; path = "../assets/fonts/GothicA1-Light.ttf"; sourceTree = "<group>"; fileEncoding = undefined; lastKnownFileType = unknown; explicitFileType = undefined; includeInIndex = 0; };
		586864D26ABA49C9BC5C25BE /* GothicA1-Medium.ttf */ = {isa = PBXFileReference; name = "GothicA1-Medium.ttf"; path = "../assets/fonts/GothicA1-Medium.ttf"; sourceTree = "<group>"; fileEncoding = undefined; lastKnownFileType = unknown; explicitFileType = undefined; includeInIndex = 0; };
		61540D4E45B04F44A4338330 /* GothicA1-Regular.ttf */ = {isa = PBXFileReference; name = "GothicA1-Regular.ttf"; path = "../assets/fonts/GothicA1-Regular.ttf"; sourceTree = "<group>"; fileEncoding = undefined; lastKnownFileType = unknown; explicitFileType = undefined; includeInIndex = 0; };
		F741E10E59004ED6B65BD6C2 /* GothicA1-SemiBold.ttf */ = {isa = PBXFileReference; name = "GothicA1-SemiBold.ttf"; path = "../assets/fonts/GothicA1-SemiBold.ttf"; sourceTree = "<group>"; fileEncoding = undefined; lastKnownFileType = unknown; explicitFileType = undefined; includeInIndex = 0; };
		6687509144AB4A88B834B121 /* GothicA1-Thin.ttf */ = {isa = PBXFileReference; name = "GothicA1-Thin.ttf"; path = "../assets/fonts/GothicA1-Thin.ttf"; sourceTree = "<group>"; fileEncoding = undefined; lastKnownFileType = unknown; explicitFileType = undefined; includeInIndex = 0; };
		AD1249893BFB45CAB717D537 /* Montserrat-Black.ttf */ = {isa = PBXFileReference; name = "Montserrat-Black.ttf"; path = "../assets/fonts/Montserrat-Black.ttf"; sourceTree = "<group>"; fileEncoding = undefined; lastKnownFileType = unknown; explicitFileType = undefined; includeInIndex = 0; };
		0C96DE98F28E4407AC699796 /* Montserrat-BlackItalic.ttf */ = {isa = PBXFileReference; name = "Montserrat-BlackItalic.ttf"; path = "../assets/fonts/Montserrat-BlackItalic.ttf"; sourceTree = "<group>"; fileEncoding = undefined; lastKnownFileType = unknown; explicitFileType = undefined; includeInIndex = 0; };
		9597F9F448ED4E6FA1D1033C /* Montserrat-Bold.ttf */ = {isa = PBXFileReference; name = "Montserrat-Bold.ttf"; path = "../assets/fonts/Montserrat-Bold.ttf"; sourceTree = "<group>"; fileEncoding = undefined; lastKnownFileType = unknown; explicitFileType = undefined; includeInIndex = 0; };
		0656C98D3B384E0A9B5B8935 /* Montserrat-BoldItalic.ttf */ = {isa = PBXFileReference; name = "Montserrat-BoldItalic.ttf"; path = "../assets/fonts/Montserrat-BoldItalic.ttf"; sourceTree = "<group>"; fileEncoding = undefined; lastKnownFileType = unknown; explicitFileType = undefined; includeInIndex = 0; };
		35AB816FBFF9473EB43A9AE7 /* Montserrat-ExtraBold.ttf */ = {isa = PBXFileReference; name = "Montserrat-ExtraBold.ttf"; path = "../assets/fonts/Montserrat-ExtraBold.ttf"; sourceTree = "<group>"; fileEncoding = undefined; lastKnownFileType = unknown; explicitFileType = undefined; includeInIndex = 0; };
		1C083FE076CC4B51B7EEE59B /* Montserrat-ExtraBoldItalic.ttf */ = {isa = PBXFileReference; name = "Montserrat-ExtraBoldItalic.ttf"; path = "../assets/fonts/Montserrat-ExtraBoldItalic.ttf"; sourceTree = "<group>"; fileEncoding = undefined; lastKnownFileType = unknown; explicitFileType = undefined; includeInIndex = 0; };
		9E6D6C1DA8344D65B285AD63 /* Montserrat-ExtraLight.ttf */ = {isa = PBXFileReference; name = "Montserrat-ExtraLight.ttf"; path = "../assets/fonts/Montserrat-ExtraLight.ttf"; sourceTree = "<group>"; fileEncoding = undefined; lastKnownFileType = unknown; explicitFileType = undefined; includeInIndex = 0; };
		B5389FBC86374D038211692E /* Montserrat-ExtraLightItalic.ttf */ = {isa = PBXFileReference; name = "Montserrat-ExtraLightItalic.ttf"; path = "../assets/fonts/Montserrat-ExtraLightItalic.ttf"; sourceTree = "<group>"; fileEncoding = undefined; lastKnownFileType = unknown; explicitFileType = undefined; includeInIndex = 0; };
		3AE36DA082F44B8693085562 /* Montserrat-Italic.ttf */ = {isa = PBXFileReference; name = "Montserrat-Italic.ttf"; path = "../assets/fonts/Montserrat-Italic.ttf"; sourceTree = "<group>"; fileEncoding = undefined; lastKnownFileType = unknown; explicitFileType = undefined; includeInIndex = 0; };
		F6B73F84A07142FA8AE3B6C1 /* Montserrat-Light.ttf */ = {isa = PBXFileReference; name = "Montserrat-Light.ttf"; path = "../assets/fonts/Montserrat-Light.ttf"; sourceTree = "<group>"; fileEncoding = undefined; lastKnownFileType = unknown; explicitFileType = undefined; includeInIndex = 0; };
		E73E6C4CE60B4DFEB1831E50 /* Montserrat-LightItalic.ttf */ = {isa = PBXFileReference; name = "Montserrat-LightItalic.ttf"; path = "../assets/fonts/Montserrat-LightItalic.ttf"; sourceTree = "<group>"; fileEncoding = undefined; lastKnownFileType = unknown; explicitFileType = undefined; includeInIndex = 0; };
		F6F3635587B64C82ADA153B6 /* Montserrat-Medium.ttf */ = {isa = PBXFileReference; name = "Montserrat-Medium.ttf"; path = "../assets/fonts/Montserrat-Medium.ttf"; sourceTree = "<group>"; fileEncoding = undefined; lastKnownFileType = unknown; explicitFileType = undefined; includeInIndex = 0; };
		C6EAED607E2141C79DAA1228 /* Montserrat-MediumItalic.ttf */ = {isa = PBXFileReference; name = "Montserrat-MediumItalic.ttf"; path = "../assets/fonts/Montserrat-MediumItalic.ttf"; sourceTree = "<group>"; fileEncoding = undefined; lastKnownFileType = unknown; explicitFileType = undefined; includeInIndex = 0; };
		1413850C01144424A69D4B6B /* Montserrat-Regular.ttf */ = {isa = PBXFileReference; name = "Montserrat-Regular.ttf"; path = "../assets/fonts/Montserrat-Regular.ttf"; sourceTree = "<group>"; fileEncoding = undefined; lastKnownFileType = unknown; explicitFileType = undefined; includeInIndex = 0; };
		03F7BE88A4A040A7A9A1F80B /* Montserrat-SemiBold.ttf */ = {isa = PBXFileReference; name = "Montserrat-SemiBold.ttf"; path = "../assets/fonts/Montserrat-SemiBold.ttf"; sourceTree = "<group>"; fileEncoding = undefined; lastKnownFileType = unknown; explicitFileType = undefined; includeInIndex = 0; };
		7533D67E0FAF49CF954DF5DD /* Montserrat-SemiBoldItalic.ttf */ = {isa = PBXFileReference; name = "Montserrat-SemiBoldItalic.ttf"; path = "../assets/fonts/Montserrat-SemiBoldItalic.ttf"; sourceTree = "<group>"; fileEncoding = undefined; lastKnownFileType = unknown; explicitFileType = undefined; includeInIndex = 0; };
		7DFDA66B6782495EA662716D /* Montserrat-Thin.ttf */ = {isa = PBXFileReference; name = "Montserrat-Thin.ttf"; path = "../assets/fonts/Montserrat-Thin.ttf"; sourceTree = "<group>"; fileEncoding = undefined; lastKnownFileType = unknown; explicitFileType = undefined; includeInIndex = 0; };
		F238B51A2D2446639D3549F7 /* Montserrat-ThinItalic.ttf */ = {isa = PBXFileReference; name = "Montserrat-ThinItalic.ttf"; path = "../assets/fonts/Montserrat-ThinItalic.ttf"; sourceTree = "<group>"; fileEncoding = undefined; lastKnownFileType = unknown; explicitFileType = undefined; includeInIndex = 0; };
		15E8FCCE20DE44AB8B2CB1EB /* Roboto-Black.ttf */ = {isa = PBXFileReference; name = "Roboto-Black.ttf"; path = "../assets/fonts/Roboto-Black.ttf"; sourceTree = "<group>"; fileEncoding = undefined; lastKnownFileType = unknown; explicitFileType = undefined; includeInIndex = 0; };
		8DA31CCEA4CA4462A2DC7299 /* Roboto-BlackItalic.ttf */ = {isa = PBXFileReference; name = "Roboto-BlackItalic.ttf"; path = "../assets/fonts/Roboto-BlackItalic.ttf"; sourceTree = "<group>"; fileEncoding = undefined; lastKnownFileType = unknown; explicitFileType = undefined; includeInIndex = 0; };
		AC09F586B632444A92700087 /* Roboto-Bold.ttf */ = {isa = PBXFileReference; name = "Roboto-Bold.ttf"; path = "../assets/fonts/Roboto-Bold.ttf"; sourceTree = "<group>"; fileEncoding = undefined; lastKnownFileType = unknown; explicitFileType = undefined; includeInIndex = 0; };
		E0F20F78B61D4293AF043158 /* Roboto-BoldItalic.ttf */ = {isa = PBXFileReference; name = "Roboto-BoldItalic.ttf"; path = "../assets/fonts/Roboto-BoldItalic.ttf"; sourceTree = "<group>"; fileEncoding = undefined; lastKnownFileType = unknown; explicitFileType = undefined; includeInIndex = 0; };
		743BDA4247154A8C811AC5B9 /* Roboto-Italic.ttf */ = {isa = PBXFileReference; name = "Roboto-Italic.ttf"; path = "../assets/fonts/Roboto-Italic.ttf"; sourceTree = "<group>"; fileEncoding = undefined; lastKnownFileType = unknown; explicitFileType = undefined; includeInIndex = 0; };
		49A847B7FB2E4424819AAC53 /* Roboto-Light.ttf */ = {isa = PBXFileReference; name = "Roboto-Light.ttf"; path = "../assets/fonts/Roboto-Light.ttf"; sourceTree = "<group>"; fileEncoding = undefined; lastKnownFileType = unknown; explicitFileType = undefined; includeInIndex = 0; };
		8F2B8263C41146BF8BA61145 /* Roboto-LightItalic.ttf */ = {isa = PBXFileReference; name = "Roboto-LightItalic.ttf"; path = "../assets/fonts/Roboto-LightItalic.ttf"; sourceTree = "<group>"; fileEncoding = undefined; lastKnownFileType = unknown; explicitFileType = undefined; includeInIndex = 0; };
		92C32D0795B0435E9BC60B3B /* Roboto-Medium.ttf */ = {isa = PBXFileReference; name = "Roboto-Medium.ttf"; path = "../assets/fonts/Roboto-Medium.ttf"; sourceTree = "<group>"; fileEncoding = undefined; lastKnownFileType = unknown; explicitFileType = undefined; includeInIndex = 0; };
		07A4DD29D9C94B66BAED1EC9 /* Roboto-MediumItalic.ttf */ = {isa = PBXFileReference; name = "Roboto-MediumItalic.ttf"; path = "../assets/fonts/Roboto-MediumItalic.ttf"; sourceTree = "<group>"; fileEncoding = undefined; lastKnownFileType = unknown; explicitFileType = undefined; includeInIndex = 0; };
		DD61C88F357146A39FEB5D0B /* Roboto-Regular.ttf */ = {isa = PBXFileReference; name = "Roboto-Regular.ttf"; path = "../assets/fonts/Roboto-Regular.ttf"; sourceTree = "<group>"; fileEncoding = undefined; lastKnownFileType = unknown; explicitFileType = undefined; includeInIndex = 0; };
		D039DE2EB4644C869D61306C /* Roboto-Thin.ttf */ = {isa = PBXFileReference; name = "Roboto-Thin.ttf"; path = "../assets/fonts/Roboto-Thin.ttf"; sourceTree = "<group>"; fileEncoding = undefined; lastKnownFileType = unknown; explicitFileType = undefined; includeInIndex = 0; };
		467565012D144BCEB5D31BBB /* Roboto-ThinItalic.ttf */ = {isa = PBXFileReference; name = "Roboto-ThinItalic.ttf"; path = "../assets/fonts/Roboto-ThinItalic.ttf"; sourceTree = "<group>"; fileEncoding = undefined; lastKnownFileType = unknown; explicitFileType = undefined; includeInIndex = 0; };
		995225EA613F4962ADF13DE2 /* Muli-Black.ttf */ = {isa = PBXFileReference; name = "Muli-Black.ttf"; path = "../assets/fonts/Muli-Black.ttf"; sourceTree = "<group>"; fileEncoding = undefined; lastKnownFileType = unknown; explicitFileType = undefined; includeInIndex = 0; };
		49C392ED7F7343AD9E803E85 /* Muli-Bold.ttf */ = {isa = PBXFileReference; name = "Muli-Bold.ttf"; path = "../assets/fonts/Muli-Bold.ttf"; sourceTree = "<group>"; fileEncoding = undefined; lastKnownFileType = unknown; explicitFileType = undefined; includeInIndex = 0; };
		266400520C3B4B4BBBE132D0 /* Muli-ExtraBold.ttf */ = {isa = PBXFileReference; name = "Muli-ExtraBold.ttf"; path = "../assets/fonts/Muli-ExtraBold.ttf"; sourceTree = "<group>"; fileEncoding = undefined; lastKnownFileType = unknown; explicitFileType = undefined; includeInIndex = 0; };
		6DD841340546464C8DFBDC7A /* Muli-ExtraLight.ttf */ = {isa = PBXFileReference; name = "Muli-ExtraLight.ttf"; path = "../assets/fonts/Muli-ExtraLight.ttf"; sourceTree = "<group>"; fileEncoding = undefined; lastKnownFileType = unknown; explicitFileType = undefined; includeInIndex = 0; };
		B9120180A10E4942B20A1878 /* Muli-Light.ttf */ = {isa = PBXFileReference; name = "Muli-Light.ttf"; path = "../assets/fonts/Muli-Light.ttf"; sourceTree = "<group>"; fileEncoding = undefined; lastKnownFileType = unknown; explicitFileType = undefined; includeInIndex = 0; };
		A6D0E0D55A00456C8265C769 /* Muli-Medium.ttf */ = {isa = PBXFileReference; name = "Muli-Medium.ttf"; path = "../assets/fonts/Muli-Medium.ttf"; sourceTree = "<group>"; fileEncoding = undefined; lastKnownFileType = unknown; explicitFileType = undefined; includeInIndex = 0; };
		CD32808AE7A5466486B57292 /* Muli-Regular.ttf */ = {isa = PBXFileReference; name = "Muli-Regular.ttf"; path = "../assets/fonts/Muli-Regular.ttf"; sourceTree = "<group>"; fileEncoding = undefined; lastKnownFileType = unknown; explicitFileType = undefined; includeInIndex = 0; };
		D729FAF974CD47BA989B4CB6 /* Muli-SemiBold.ttf */ = {isa = PBXFileReference; name = "Muli-SemiBold.ttf"; path = "../assets/fonts/Muli-SemiBold.ttf"; sourceTree = "<group>"; fileEncoding = undefined; lastKnownFileType = unknown; explicitFileType = undefined; includeInIndex = 0; };
/* End PBXFileReference section */

/* Begin PBXFrameworksBuildPhase section */
		00E356EB1AD99517003FC87E /* Frameworks */ = {
			isa = PBXFrameworksBuildPhase;
			buildActionMask = 2147483647;
			files = (
			);
			runOnlyForDeploymentPostprocessing = 0;
		};
		13B07F8C1A680F5B00A75B9A /* Frameworks */ = {
			isa = PBXFrameworksBuildPhase;
			buildActionMask = 2147483647;
			files = (
			);
			runOnlyForDeploymentPostprocessing = 0;
		};
		2D02E4781E0B4A5D006451C7 /* Frameworks */ = {
			isa = PBXFrameworksBuildPhase;
			buildActionMask = 2147483647;
			files = (
			);
			runOnlyForDeploymentPostprocessing = 0;
		};
		2D02E48D1E0B4A5D006451C7 /* Frameworks */ = {
			isa = PBXFrameworksBuildPhase;
			buildActionMask = 2147483647;
			files = (
			);
			runOnlyForDeploymentPostprocessing = 0;
		};
/* End PBXFrameworksBuildPhase section */

/* Begin PBXGroup section */
		00E356EF1AD99517003FC87E /* ParqNativeTests */ = {
			isa = PBXGroup;
			children = (
				00E356F21AD99517003FC87E /* ParqNativeTests.m */,
				00E356F01AD99517003FC87E /* Supporting Files */,
			);
			path = ParqNativeTests;
			sourceTree = "<group>";
		};
		00E356F01AD99517003FC87E /* Supporting Files */ = {
			isa = PBXGroup;
			children = (
				00E356F11AD99517003FC87E /* Info.plist */,
			);
			name = "Supporting Files";
			sourceTree = "<group>";
		};
		13B07FAE1A68108700A75B9A /* ParqNative */ = {
			isa = PBXGroup;
			children = (
				008F07F21AC5B25A0029DE68 /* main.jsbundle */,
				13B07FAF1A68108700A75B9A /* AppDelegate.h */,
				13B07FB01A68108700A75B9A /* AppDelegate.m */,
				13B07FB51A68108700A75B9A /* Images.xcassets */,
				13B07FB61A68108700A75B9A /* Info.plist */,
				13B07FB11A68108700A75B9A /* LaunchScreen.xib */,
				13B07FB71A68108700A75B9A /* main.m */,
			);
			name = ParqNative;
			sourceTree = "<group>";
		};
		2D16E6871FA4F8E400B85C8A /* Frameworks */ = {
			isa = PBXGroup;
			children = (
				ED297162215061F000B7C4FE /* JavaScriptCore.framework */,
				ED2971642150620600B7C4FE /* JavaScriptCore.framework */,
			);
			name = Frameworks;
			sourceTree = "<group>";
		};
		832341AE1AAA6A7D00B99B32 /* Libraries */ = {
			isa = PBXGroup;
			children = (
			);
			name = Libraries;
			sourceTree = "<group>";
		};
		83CBB9F61A601CBA00E9B192 = {
			isa = PBXGroup;
			children = (
				13B07FAE1A68108700A75B9A /* ParqNative */,
				832341AE1AAA6A7D00B99B32 /* Libraries */,
				00E356EF1AD99517003FC87E /* ParqNativeTests */,
				83CBBA001A601CBA00E9B192 /* Products */,
				2D16E6871FA4F8E400B85C8A /* Frameworks */,
				3D99C8BBFD5E4FA9B3037445 /* Resources */,
			);
			indentWidth = 2;
			sourceTree = "<group>";
			tabWidth = 2;
			usesTabs = 0;
		};
		83CBBA001A601CBA00E9B192 /* Products */ = {
			isa = PBXGroup;
			children = (
				13B07F961A680F5B00A75B9A /* ParqNative.app */,
				00E356EE1AD99517003FC87E /* ParqNativeTests.xctest */,
				2D02E47B1E0B4A5D006451C7 /* ParqNative-tvOS.app */,
				2D02E4901E0B4A5D006451C7 /* ParqNative-tvOSTests.xctest */,
			);
			name = Products;
			sourceTree = "<group>";
		};
		3D99C8BBFD5E4FA9B3037445 /* Resources */ = {
			isa = "PBXGroup";
			children = (
				76B1D257B9C34C959202CC56 /* AntDesign.ttf */,
				B3FDC495ED1E4264A60B58FA /* Entypo.ttf */,
				EBFEE172EE23445DB26BD7B6 /* EvilIcons.ttf */,
				4AB70C51341F474F97069B6C /* Feather.ttf */,
				D3E694403E954D759F593E13 /* FontAwesome.ttf */,
				C84C4CA25ECB415FB4FA53B7 /* FontAwesome5_Brands.ttf */,
				AC98DA449D984F7E8149C338 /* FontAwesome5_Regular.ttf */,
				98C86677C2534F19819968C0 /* FontAwesome5_Solid.ttf */,
				66363E6F936B437487C38592 /* Fontisto.ttf */,
				818839CF38804FA7962B1AB2 /* Foundation.ttf */,
				43FF14C061764EB69C5BA54B /* Ionicons.ttf */,
				C1D4512C74A348E7A3AB8A9D /* MaterialCommunityIcons.ttf */,
				18DF8784719B48BFA7FFFA23 /* MaterialIcons.ttf */,
				F4BC4BAE6DE04D3C8E7C7FCC /* Octicons.ttf */,
				A43B68CBAF4D4E3B879C371E /* SimpleLineIcons.ttf */,
				80161F1F25194F938EDF552C /* Zocial.ttf */,
				2DD3755FD89349838A7CCB48 /* GothicA1-Black.ttf */,
				9941B67102EB4558AB006987 /* GothicA1-Bold.ttf */,
				1CFC78CD3317401E92FB2B09 /* GothicA1-ExtraBold.ttf */,
				3CF656EA1A0947F7BB1AE404 /* GothicA1-ExtraLight.ttf */,
				A5969078A1ED447DB5955865 /* GothicA1-Light.ttf */,
				586864D26ABA49C9BC5C25BE /* GothicA1-Medium.ttf */,
				61540D4E45B04F44A4338330 /* GothicA1-Regular.ttf */,
				F741E10E59004ED6B65BD6C2 /* GothicA1-SemiBold.ttf */,
				6687509144AB4A88B834B121 /* GothicA1-Thin.ttf */,
				AD1249893BFB45CAB717D537 /* Montserrat-Black.ttf */,
				0C96DE98F28E4407AC699796 /* Montserrat-BlackItalic.ttf */,
				9597F9F448ED4E6FA1D1033C /* Montserrat-Bold.ttf */,
				0656C98D3B384E0A9B5B8935 /* Montserrat-BoldItalic.ttf */,
				35AB816FBFF9473EB43A9AE7 /* Montserrat-ExtraBold.ttf */,
				1C083FE076CC4B51B7EEE59B /* Montserrat-ExtraBoldItalic.ttf */,
				9E6D6C1DA8344D65B285AD63 /* Montserrat-ExtraLight.ttf */,
				B5389FBC86374D038211692E /* Montserrat-ExtraLightItalic.ttf */,
				3AE36DA082F44B8693085562 /* Montserrat-Italic.ttf */,
				F6B73F84A07142FA8AE3B6C1 /* Montserrat-Light.ttf */,
				E73E6C4CE60B4DFEB1831E50 /* Montserrat-LightItalic.ttf */,
				F6F3635587B64C82ADA153B6 /* Montserrat-Medium.ttf */,
				C6EAED607E2141C79DAA1228 /* Montserrat-MediumItalic.ttf */,
				1413850C01144424A69D4B6B /* Montserrat-Regular.ttf */,
				03F7BE88A4A040A7A9A1F80B /* Montserrat-SemiBold.ttf */,
				7533D67E0FAF49CF954DF5DD /* Montserrat-SemiBoldItalic.ttf */,
				7DFDA66B6782495EA662716D /* Montserrat-Thin.ttf */,
				F238B51A2D2446639D3549F7 /* Montserrat-ThinItalic.ttf */,
				15E8FCCE20DE44AB8B2CB1EB /* Roboto-Black.ttf */,
				8DA31CCEA4CA4462A2DC7299 /* Roboto-BlackItalic.ttf */,
				AC09F586B632444A92700087 /* Roboto-Bold.ttf */,
				E0F20F78B61D4293AF043158 /* Roboto-BoldItalic.ttf */,
				743BDA4247154A8C811AC5B9 /* Roboto-Italic.ttf */,
				49A847B7FB2E4424819AAC53 /* Roboto-Light.ttf */,
				8F2B8263C41146BF8BA61145 /* Roboto-LightItalic.ttf */,
				92C32D0795B0435E9BC60B3B /* Roboto-Medium.ttf */,
				07A4DD29D9C94B66BAED1EC9 /* Roboto-MediumItalic.ttf */,
				DD61C88F357146A39FEB5D0B /* Roboto-Regular.ttf */,
				D039DE2EB4644C869D61306C /* Roboto-Thin.ttf */,
				467565012D144BCEB5D31BBB /* Roboto-ThinItalic.ttf */,
				995225EA613F4962ADF13DE2 /* Muli-Black.ttf */,
				49C392ED7F7343AD9E803E85 /* Muli-Bold.ttf */,
				266400520C3B4B4BBBE132D0 /* Muli-ExtraBold.ttf */,
				6DD841340546464C8DFBDC7A /* Muli-ExtraLight.ttf */,
				B9120180A10E4942B20A1878 /* Muli-Light.ttf */,
				A6D0E0D55A00456C8265C769 /* Muli-Medium.ttf */,
				CD32808AE7A5466486B57292 /* Muli-Regular.ttf */,
				D729FAF974CD47BA989B4CB6 /* Muli-SemiBold.ttf */,
			);
			name = Resources;
			sourceTree = "<group>";
			path = "";
		};
/* End PBXGroup section */

/* Begin PBXNativeTarget section */
		00E356ED1AD99517003FC87E /* ParqNativeTests */ = {
			isa = PBXNativeTarget;
			buildConfigurationList = 00E357021AD99517003FC87E /* Build configuration list for PBXNativeTarget "ParqNativeTests" */;
			buildPhases = (
				00E356EA1AD99517003FC87E /* Sources */,
				00E356EB1AD99517003FC87E /* Frameworks */,
				00E356EC1AD99517003FC87E /* Resources */,
			);
			buildRules = (
			);
			dependencies = (
				00E356F51AD99517003FC87E /* PBXTargetDependency */,
			);
			name = ParqNativeTests;
			productName = ParqNativeTests;
			productReference = 00E356EE1AD99517003FC87E /* ParqNativeTests.xctest */;
			productType = "com.apple.product-type.bundle.unit-test";
		};
		13B07F861A680F5B00A75B9A /* ParqNative */ = {
			isa = PBXNativeTarget;
			buildConfigurationList = 13B07F931A680F5B00A75B9A /* Build configuration list for PBXNativeTarget "ParqNative" */;
			buildPhases = (
				FD10A7F022414F080027D42C /* Start Packager */,
				13B07F871A680F5B00A75B9A /* Sources */,
				13B07F8C1A680F5B00A75B9A /* Frameworks */,
				13B07F8E1A680F5B00A75B9A /* Resources */,
				00DD1BFF1BD5951E006B06BC /* Bundle React Native code and images */,
			);
			buildRules = (
			);
			dependencies = (
			);
			name = ParqNative;
			productName = "ParqNative";
			productReference = 13B07F961A680F5B00A75B9A /* ParqNative.app */;
			productType = "com.apple.product-type.application";
		};
		2D02E47A1E0B4A5D006451C7 /* ParqNative-tvOS */ = {
			isa = PBXNativeTarget;
			buildConfigurationList = 2D02E4BA1E0B4A5E006451C7 /* Build configuration list for PBXNativeTarget "ParqNative-tvOS" */;
			buildPhases = (
				FD10A7F122414F3F0027D42C /* Start Packager */,
				2D02E4771E0B4A5D006451C7 /* Sources */,
				2D02E4781E0B4A5D006451C7 /* Frameworks */,
				2D02E4791E0B4A5D006451C7 /* Resources */,
				2D02E4CB1E0B4B27006451C7 /* Bundle React Native Code And Images */,
			);
			buildRules = (
			);
			dependencies = (
			);
			name = "ParqNative-tvOS";
			productName = "ParqNative-tvOS";
			productReference = 2D02E47B1E0B4A5D006451C7 /* ParqNative-tvOS.app */;
			productType = "com.apple.product-type.application";
		};
		2D02E48F1E0B4A5D006451C7 /* ParqNative-tvOSTests */ = {
			isa = PBXNativeTarget;
			buildConfigurationList = 2D02E4BB1E0B4A5E006451C7 /* Build configuration list for PBXNativeTarget "ParqNative-tvOSTests" */;
			buildPhases = (
				2D02E48C1E0B4A5D006451C7 /* Sources */,
				2D02E48D1E0B4A5D006451C7 /* Frameworks */,
				2D02E48E1E0B4A5D006451C7 /* Resources */,
			);
			buildRules = (
			);
			dependencies = (
				2D02E4921E0B4A5D006451C7 /* PBXTargetDependency */,
			);
			name = "ParqNative-tvOSTests";
			productName = "ParqNative-tvOSTests";
			productReference = 2D02E4901E0B4A5D006451C7 /* ParqNative-tvOSTests.xctest */;
			productType = "com.apple.product-type.bundle.unit-test";
		};
/* End PBXNativeTarget section */

/* Begin PBXProject section */
		83CBB9F71A601CBA00E9B192 /* Project object */ = {
			isa = PBXProject;
			attributes = {
				LastUpgradeCheck = 940;
				ORGANIZATIONNAME = Facebook;
				TargetAttributes = {
					00E356ED1AD99517003FC87E = {
						CreatedOnToolsVersion = 6.2;
						TestTargetID = 13B07F861A680F5B00A75B9A;
					};
					2D02E47A1E0B4A5D006451C7 = {
						CreatedOnToolsVersion = 8.2.1;
						ProvisioningStyle = Automatic;
					};
					2D02E48F1E0B4A5D006451C7 = {
						CreatedOnToolsVersion = 8.2.1;
						ProvisioningStyle = Automatic;
						TestTargetID = 2D02E47A1E0B4A5D006451C7;
					};
				};
			};
			buildConfigurationList = 83CBB9FA1A601CBA00E9B192 /* Build configuration list for PBXProject "ParqNative" */;
			compatibilityVersion = "Xcode 3.2";
			developmentRegion = English;
			hasScannedForEncodings = 0;
			knownRegions = (
				en,
				Base,
			);
			mainGroup = 83CBB9F61A601CBA00E9B192;
			productRefGroup = 83CBBA001A601CBA00E9B192 /* Products */;
			projectDirPath = "";
			projectRoot = "";
			targets = (
				13B07F861A680F5B00A75B9A /* ParqNative */,
				00E356ED1AD99517003FC87E /* ParqNativeTests */,
				2D02E47A1E0B4A5D006451C7 /* ParqNative-tvOS */,
				2D02E48F1E0B4A5D006451C7 /* ParqNative-tvOSTests */,
			);
		};
/* End PBXProject section */

/* Begin PBXResourcesBuildPhase section */
		00E356EC1AD99517003FC87E /* Resources */ = {
			isa = PBXResourcesBuildPhase;
			buildActionMask = 2147483647;
			files = (
			);
			runOnlyForDeploymentPostprocessing = 0;
		};
		13B07F8E1A680F5B00A75B9A /* Resources */ = {
			isa = PBXResourcesBuildPhase;
			buildActionMask = 2147483647;
			files = (
				13B07FBF1A68108700A75B9A /* Images.xcassets in Resources */,
				13B07FBD1A68108700A75B9A /* LaunchScreen.xib in Resources */,
				7A9B9E5326294125A35AC8EB /* AntDesign.ttf in Resources */,
				24478A7B796B488D86D1D7B6 /* Entypo.ttf in Resources */,
				885E1D1DC2F546FA9EB759F4 /* EvilIcons.ttf in Resources */,
				2E875F5F610145B889A7E87C /* Feather.ttf in Resources */,
				55334D05F79B4CA381548F1C /* FontAwesome.ttf in Resources */,
				A9643CF76B884A0CA89ADA84 /* FontAwesome5_Brands.ttf in Resources */,
				5C55813584E64AAFA0DDA2CA /* FontAwesome5_Regular.ttf in Resources */,
				32348DBD00204BC7B3AF9193 /* FontAwesome5_Solid.ttf in Resources */,
				572C6F6B9BC6471B9FC5E647 /* Fontisto.ttf in Resources */,
				EE3C442727E242B1AB1EA8C4 /* Foundation.ttf in Resources */,
				6CA51B8893A344CCBAC37B0C /* Ionicons.ttf in Resources */,
				BCA8DEE8F8AF4E65AE3A03D0 /* MaterialCommunityIcons.ttf in Resources */,
				8A8A5F33DADC417D96FE091C /* MaterialIcons.ttf in Resources */,
				2B5D78708F154A66AD0B065A /* Octicons.ttf in Resources */,
				9A7F6D01DE24477F9F90F2AB /* SimpleLineIcons.ttf in Resources */,
				61F312CBF8364A59B2F8BDE3 /* Zocial.ttf in Resources */,
				A5D997DBCA2E4EC4A53BFBAB /* GothicA1-Black.ttf in Resources */,
				647F13E62F89451D9F393029 /* GothicA1-Bold.ttf in Resources */,
				DFF7A8B951FC4A03BFB77051 /* GothicA1-ExtraBold.ttf in Resources */,
				B67A4AFE46BA432D8D1C3786 /* GothicA1-ExtraLight.ttf in Resources */,
				12A9B8D13F504004AA1FF25B /* GothicA1-Light.ttf in Resources */,
				AB44C57E2589480982276092 /* GothicA1-Medium.ttf in Resources */,
				C7420430EA21478D87758621 /* GothicA1-Regular.ttf in Resources */,
				CB7D901B8693429BAD233BB6 /* GothicA1-SemiBold.ttf in Resources */,
				500AAD5FEB2442318A091FCA /* GothicA1-Thin.ttf in Resources */,
				3FF0496B5F4F4F048FAB0949 /* Montserrat-Black.ttf in Resources */,
				B95F23DC8783446DB1EC949C /* Montserrat-BlackItalic.ttf in Resources */,
				31A817E305E4416BA49E9C30 /* Montserrat-Bold.ttf in Resources */,
				2338D1222FEF4537B5275507 /* Montserrat-BoldItalic.ttf in Resources */,
				86B1B4C88300499C84B599D8 /* Montserrat-ExtraBold.ttf in Resources */,
				A8BFE7F733054A34A0F13FF2 /* Montserrat-ExtraBoldItalic.ttf in Resources */,
				5EE84448B5C64427A2595221 /* Montserrat-ExtraLight.ttf in Resources */,
				50236CD70EF24C5997D87FD4 /* Montserrat-ExtraLightItalic.ttf in Resources */,
				8C664101AEAB474AA8EDC828 /* Montserrat-Italic.ttf in Resources */,
				BBEEB6B73AC7446EB6902DBE /* Montserrat-Light.ttf in Resources */,
				040293F117C3471B85AE4434 /* Montserrat-LightItalic.ttf in Resources */,
				C72D150FF228443DBF32D4FB /* Montserrat-Medium.ttf in Resources */,
				59CB0426F18A4BBA9C1EDF93 /* Montserrat-MediumItalic.ttf in Resources */,
				A2A3C597FE4245F0B474D101 /* Montserrat-Regular.ttf in Resources */,
				B5DCB404579D4DE2823CE05C /* Montserrat-SemiBold.ttf in Resources */,
				5A73E56AA1264D98AF0DE22D /* Montserrat-SemiBoldItalic.ttf in Resources */,
				E6BC35FE9B5B4428A73822D7 /* Montserrat-Thin.ttf in Resources */,
				39873A0BC8BB426A91CCDB72 /* Montserrat-ThinItalic.ttf in Resources */,
				40F12DA7E8D042F0A4F6DB83 /* Roboto-Black.ttf in Resources */,
				9C6241FC5D414204BDA551D6 /* Roboto-BlackItalic.ttf in Resources */,
				F0020FCCAC4E49C3A6AF6347 /* Roboto-Bold.ttf in Resources */,
				0F47E385136F42B59301F6D2 /* Roboto-BoldItalic.ttf in Resources */,
				457EBA6D834B4D5E83314E6A /* Roboto-Italic.ttf in Resources */,
				1ACF073A59B4497399DE2B0A /* Roboto-Light.ttf in Resources */,
				96DA8C6B988F491DB53840E0 /* Roboto-LightItalic.ttf in Resources */,
				342CD254FDF54AB6929D453F /* Roboto-Medium.ttf in Resources */,
				0F5F0D395C624FF3A7F79E32 /* Roboto-MediumItalic.ttf in Resources */,
				3BECD0B6444F4C489D4784DD /* Roboto-Regular.ttf in Resources */,
				BB89E27DD8574556ABD592AA /* Roboto-Thin.ttf in Resources */,
				8CE30BC97A654912BD5F8311 /* Roboto-ThinItalic.ttf in Resources */,
				5E86CCD16C9E4A9397B02508 /* Muli-Black.ttf in Resources */,
				6CC4F90B3AD0411B9C912816 /* Muli-Bold.ttf in Resources */,
				1E57B1597B1F42AD96D36754 /* Muli-ExtraBold.ttf in Resources */,
				4DE27C2C2EDB4490918E6283 /* Muli-ExtraLight.ttf in Resources */,
				F2684A51B4CC4BCC880D818A /* Muli-Light.ttf in Resources */,
				0DA3CD5A6060464D8DEED9AC /* Muli-Medium.ttf in Resources */,
				904955C5E7D54C00A5E9C883 /* Muli-Regular.ttf in Resources */,
				D0373F134D994A6397B021C5 /* Muli-SemiBold.ttf in Resources */,
			);
			runOnlyForDeploymentPostprocessing = 0;
		};
		2D02E4791E0B4A5D006451C7 /* Resources */ = {
			isa = PBXResourcesBuildPhase;
			buildActionMask = 2147483647;
			files = (
				2D02E4BD1E0B4A84006451C7 /* Images.xcassets in Resources */,
			);
			runOnlyForDeploymentPostprocessing = 0;
		};
		2D02E48E1E0B4A5D006451C7 /* Resources */ = {
			isa = PBXResourcesBuildPhase;
			buildActionMask = 2147483647;
			files = (
			);
			runOnlyForDeploymentPostprocessing = 0;
		};
/* End PBXResourcesBuildPhase section */

/* Begin PBXShellScriptBuildPhase section */
		00DD1BFF1BD5951E006B06BC /* Bundle React Native code and images */ = {
			isa = PBXShellScriptBuildPhase;
			buildActionMask = 2147483647;
			files = (
			);
			inputPaths = (
			);
			name = "Bundle React Native code and images";
			outputPaths = (
			);
			runOnlyForDeploymentPostprocessing = 0;
			shellPath = /bin/sh;
			shellScript = "export NODE_BINARY=node\n../node_modules/react-native/scripts/react-native-xcode.sh";
		};
		2D02E4CB1E0B4B27006451C7 /* Bundle React Native Code And Images */ = {
			isa = PBXShellScriptBuildPhase;
			buildActionMask = 2147483647;
			files = (
			);
			inputPaths = (
			);
			name = "Bundle React Native Code And Images";
			outputPaths = (
			);
			runOnlyForDeploymentPostprocessing = 0;
			shellPath = /bin/sh;
			shellScript = "export NODE_BINARY=node\n../node_modules/react-native/scripts/react-native-xcode.sh";
		};
		FD10A7F022414F080027D42C /* Start Packager */ = {
			isa = PBXShellScriptBuildPhase;
			buildActionMask = 2147483647;
			files = (
			);
			inputFileListPaths = (
			);
			inputPaths = (
			);
			name = "Start Packager";
			outputFileListPaths = (
			);
			outputPaths = (
			);
			runOnlyForDeploymentPostprocessing = 0;
			shellPath = /bin/sh;
			shellScript = "export RCT_METRO_PORT=\"${RCT_METRO_PORT:=8081}\"\necho \"export RCT_METRO_PORT=${RCT_METRO_PORT}\" > \"${SRCROOT}/../node_modules/react-native/scripts/.packager.env\"\nif [ -z \"${RCT_NO_LAUNCH_PACKAGER+xxx}\" ] ; then\n  if nc -w 5 -z localhost ${RCT_METRO_PORT} ; then\n    if ! curl -s \"http://localhost:${RCT_METRO_PORT}/status\" | grep -q \"packager-status:running\" ; then\n      echo \"Port ${RCT_METRO_PORT} already in use, packager is either not running or not running correctly\"\n      exit 2\n    fi\n  else\n    open \"$SRCROOT/../node_modules/react-native/scripts/launchPackager.command\" || echo \"Can't start packager automatically\"\n  fi\nfi\n";
			showEnvVarsInLog = 0;
		};
		FD10A7F122414F3F0027D42C /* Start Packager */ = {
			isa = PBXShellScriptBuildPhase;
			buildActionMask = 2147483647;
			files = (
			);
			inputFileListPaths = (
			);
			inputPaths = (
			);
			name = "Start Packager";
			outputFileListPaths = (
			);
			outputPaths = (
			);
			runOnlyForDeploymentPostprocessing = 0;
			shellPath = /bin/sh;
			shellScript = "export RCT_METRO_PORT=\"${RCT_METRO_PORT:=8081}\"\necho \"export RCT_METRO_PORT=${RCT_METRO_PORT}\" > \"${SRCROOT}/../node_modules/react-native/scripts/.packager.env\"\nif [ -z \"${RCT_NO_LAUNCH_PACKAGER+xxx}\" ] ; then\n  if nc -w 5 -z localhost ${RCT_METRO_PORT} ; then\n    if ! curl -s \"http://localhost:${RCT_METRO_PORT}/status\" | grep -q \"packager-status:running\" ; then\n      echo \"Port ${RCT_METRO_PORT} already in use, packager is either not running or not running correctly\"\n      exit 2\n    fi\n  else\n    open \"$SRCROOT/../node_modules/react-native/scripts/launchPackager.command\" || echo \"Can't start packager automatically\"\n  fi\nfi\n";
			showEnvVarsInLog = 0;
		};
/* End PBXShellScriptBuildPhase section */

/* Begin PBXSourcesBuildPhase section */
		00E356EA1AD99517003FC87E /* Sources */ = {
			isa = PBXSourcesBuildPhase;
			buildActionMask = 2147483647;
			files = (
				00E356F31AD99517003FC87E /* ParqNativeTests.m in Sources */,
			);
			runOnlyForDeploymentPostprocessing = 0;
		};
		13B07F871A680F5B00A75B9A /* Sources */ = {
			isa = PBXSourcesBuildPhase;
			buildActionMask = 2147483647;
			files = (
				13B07FBC1A68108700A75B9A /* AppDelegate.m in Sources */,
				13B07FC11A68108700A75B9A /* main.m in Sources */,
			);
			runOnlyForDeploymentPostprocessing = 0;
		};
		2D02E4771E0B4A5D006451C7 /* Sources */ = {
			isa = PBXSourcesBuildPhase;
			buildActionMask = 2147483647;
			files = (
				2D02E4BF1E0B4AB3006451C7 /* main.m in Sources */,
				2D02E4BC1E0B4A80006451C7 /* AppDelegate.m in Sources */,
			);
			runOnlyForDeploymentPostprocessing = 0;
		};
		2D02E48C1E0B4A5D006451C7 /* Sources */ = {
			isa = PBXSourcesBuildPhase;
			buildActionMask = 2147483647;
			files = (
				2DCD954D1E0B4F2C00145EB5 /* ParqNativeTests.m in Sources */,
			);
			runOnlyForDeploymentPostprocessing = 0;
		};
/* End PBXSourcesBuildPhase section */

/* Begin PBXTargetDependency section */
		00E356F51AD99517003FC87E /* PBXTargetDependency */ = {
			isa = PBXTargetDependency;
			target = 13B07F861A680F5B00A75B9A /* ParqNative */;
			targetProxy = 00E356F41AD99517003FC87E /* PBXContainerItemProxy */;
		};
		2D02E4921E0B4A5D006451C7 /* PBXTargetDependency */ = {
			isa = PBXTargetDependency;
			target = 2D02E47A1E0B4A5D006451C7 /* ParqNative-tvOS */;
			targetProxy = 2D02E4911E0B4A5D006451C7 /* PBXContainerItemProxy */;
		};
/* End PBXTargetDependency section */

/* Begin PBXVariantGroup section */
		13B07FB11A68108700A75B9A /* LaunchScreen.xib */ = {
			isa = PBXVariantGroup;
			children = (
				13B07FB21A68108700A75B9A /* Base */,
			);
			name = LaunchScreen.xib;
			path = ParqNative;
			sourceTree = "<group>";
		};
/* End PBXVariantGroup section */

/* Begin XCBuildConfiguration section */
		00E356F61AD99517003FC87E /* Debug */ = {
			isa = XCBuildConfiguration;
			buildSettings = {
				BUNDLE_LOADER = "$(TEST_HOST)";
				GCC_PREPROCESSOR_DEFINITIONS = (
					"DEBUG=1",
					"$(inherited)",
				);
				INFOPLIST_FILE = ParqNativeTests/Info.plist;
				IPHONEOS_DEPLOYMENT_TARGET = 9.0;
				LD_RUNPATH_SEARCH_PATHS = "$(inherited) @executable_path/Frameworks @loader_path/Frameworks";
				OTHER_LDFLAGS = (
					"-ObjC",
					"-lc++",
					"$(inherited)",
				);
				PRODUCT_BUNDLE_IDENTIFIER = "org.reactjs.native.example.$(PRODUCT_NAME:rfc1034identifier)";
				PRODUCT_NAME = "$(TARGET_NAME)";
				TEST_HOST = "$(BUILT_PRODUCTS_DIR)/ParqNative.app/ParqNative";
			};
			name = Debug;
		};
		00E356F71AD99517003FC87E /* Release */ = {
			isa = XCBuildConfiguration;
			buildSettings = {
				BUNDLE_LOADER = "$(TEST_HOST)";
				COPY_PHASE_STRIP = NO;
				INFOPLIST_FILE = ParqNativeTests/Info.plist;
				IPHONEOS_DEPLOYMENT_TARGET = 9.0;
				LD_RUNPATH_SEARCH_PATHS = "$(inherited) @executable_path/Frameworks @loader_path/Frameworks";
				OTHER_LDFLAGS = (
					"-ObjC",
					"-lc++",
					"$(inherited)",
				);
				PRODUCT_BUNDLE_IDENTIFIER = "org.reactjs.native.example.$(PRODUCT_NAME:rfc1034identifier)";
				PRODUCT_NAME = "$(TARGET_NAME)";
				TEST_HOST = "$(BUILT_PRODUCTS_DIR)/ParqNative.app/ParqNative";
			};
			name = Release;
		};
		13B07F941A680F5B00A75B9A /* Debug */ = {
			isa = XCBuildConfiguration;
			buildSettings = {
				ASSETCATALOG_COMPILER_APPICON_NAME = AppIcon;
				CURRENT_PROJECT_VERSION = 1;
				DEAD_CODE_STRIPPING = NO;
				INFOPLIST_FILE = ParqNative/Info.plist;
				LD_RUNPATH_SEARCH_PATHS = "$(inherited) @executable_path/Frameworks";
				OTHER_LDFLAGS = (
					"$(inherited)",
					"-ObjC",
					"-lc++",
				);
				PRODUCT_BUNDLE_IDENTIFIER = "org.reactjs.native.example.$(PRODUCT_NAME:rfc1034identifier)";
				PRODUCT_NAME = ParqNative;
				VERSIONING_SYSTEM = "apple-generic";
			};
			name = Debug;
		};
		13B07F951A680F5B00A75B9A /* Release */ = {
			isa = XCBuildConfiguration;
			buildSettings = {
				ASSETCATALOG_COMPILER_APPICON_NAME = AppIcon;
				CURRENT_PROJECT_VERSION = 1;
				INFOPLIST_FILE = ParqNative/Info.plist;
				LD_RUNPATH_SEARCH_PATHS = "$(inherited) @executable_path/Frameworks";
				OTHER_LDFLAGS = (
					"$(inherited)",
					"-ObjC",
					"-lc++",
				);
				PRODUCT_BUNDLE_IDENTIFIER = "org.reactjs.native.example.$(PRODUCT_NAME:rfc1034identifier)";
				PRODUCT_NAME = ParqNative;
				VERSIONING_SYSTEM = "apple-generic";
			};
			name = Release;
		};
		2D02E4971E0B4A5E006451C7 /* Debug */ = {
			isa = XCBuildConfiguration;
			buildSettings = {
				ASSETCATALOG_COMPILER_APPICON_NAME = "App Icon & Top Shelf Image";
				ASSETCATALOG_COMPILER_LAUNCHIMAGE_NAME = LaunchImage;
				CLANG_ANALYZER_NONNULL = YES;
				CLANG_WARN_DOCUMENTATION_COMMENTS = YES;
				CLANG_WARN_INFINITE_RECURSION = YES;
				CLANG_WARN_SUSPICIOUS_MOVE = YES;
				DEBUG_INFORMATION_FORMAT = dwarf;
				ENABLE_TESTABILITY = YES;
				GCC_NO_COMMON_BLOCKS = YES;
				INFOPLIST_FILE = "ParqNative-tvOS/Info.plist";
				LD_RUNPATH_SEARCH_PATHS = "$(inherited) @executable_path/Frameworks";
				OTHER_LDFLAGS = (
					"$(inherited)",
					"-ObjC",
					"-lc++",
				);
				PRODUCT_BUNDLE_IDENTIFIER = "com.facebook.REACT.ParqNative-tvOS";
				PRODUCT_NAME = "$(TARGET_NAME)";
				SDKROOT = appletvos;
				TARGETED_DEVICE_FAMILY = 3;
				TVOS_DEPLOYMENT_TARGET = 9.2;
			};
			name = Debug;
		};
		2D02E4981E0B4A5E006451C7 /* Release */ = {
			isa = XCBuildConfiguration;
			buildSettings = {
				ASSETCATALOG_COMPILER_APPICON_NAME = "App Icon & Top Shelf Image";
				ASSETCATALOG_COMPILER_LAUNCHIMAGE_NAME = LaunchImage;
				CLANG_ANALYZER_NONNULL = YES;
				CLANG_WARN_DOCUMENTATION_COMMENTS = YES;
				CLANG_WARN_INFINITE_RECURSION = YES;
				CLANG_WARN_SUSPICIOUS_MOVE = YES;
				COPY_PHASE_STRIP = NO;
				DEBUG_INFORMATION_FORMAT = "dwarf-with-dsym";
				GCC_NO_COMMON_BLOCKS = YES;
				INFOPLIST_FILE = "ParqNative-tvOS/Info.plist";
				LD_RUNPATH_SEARCH_PATHS = "$(inherited) @executable_path/Frameworks";
				OTHER_LDFLAGS = (
					"$(inherited)",
					"-ObjC",
					"-lc++",
				);
				PRODUCT_BUNDLE_IDENTIFIER = "com.facebook.REACT.ParqNative-tvOS";
				PRODUCT_NAME = "$(TARGET_NAME)";
				SDKROOT = appletvos;
				TARGETED_DEVICE_FAMILY = 3;
				TVOS_DEPLOYMENT_TARGET = 9.2;
			};
			name = Release;
		};
		2D02E4991E0B4A5E006451C7 /* Debug */ = {
			isa = XCBuildConfiguration;
			buildSettings = {
				BUNDLE_LOADER = "$(TEST_HOST)";
				CLANG_ANALYZER_NONNULL = YES;
				CLANG_WARN_DOCUMENTATION_COMMENTS = YES;
				CLANG_WARN_INFINITE_RECURSION = YES;
				CLANG_WARN_SUSPICIOUS_MOVE = YES;
				DEBUG_INFORMATION_FORMAT = dwarf;
				ENABLE_TESTABILITY = YES;
				GCC_NO_COMMON_BLOCKS = YES;
				INFOPLIST_FILE = "ParqNative-tvOSTests/Info.plist";
				LD_RUNPATH_SEARCH_PATHS = "$(inherited) @executable_path/Frameworks @loader_path/Frameworks";
				OTHER_LDFLAGS = (
					"$(inherited)",
					"-ObjC",
					"-lc++",
				);
				PRODUCT_BUNDLE_IDENTIFIER = "com.facebook.REACT.ParqNative-tvOSTests";
				PRODUCT_NAME = "$(TARGET_NAME)";
				SDKROOT = appletvos;
				TEST_HOST = "$(BUILT_PRODUCTS_DIR)/ParqNative-tvOS.app/ParqNative-tvOS";
				TVOS_DEPLOYMENT_TARGET = 10.1;
			};
			name = Debug;
		};
		2D02E49A1E0B4A5E006451C7 /* Release */ = {
			isa = XCBuildConfiguration;
			buildSettings = {
				BUNDLE_LOADER = "$(TEST_HOST)";
				CLANG_ANALYZER_NONNULL = YES;
				CLANG_WARN_DOCUMENTATION_COMMENTS = YES;
				CLANG_WARN_INFINITE_RECURSION = YES;
				CLANG_WARN_SUSPICIOUS_MOVE = YES;
				COPY_PHASE_STRIP = NO;
				DEBUG_INFORMATION_FORMAT = "dwarf-with-dsym";
				GCC_NO_COMMON_BLOCKS = YES;
				INFOPLIST_FILE = "ParqNative-tvOSTests/Info.plist";
				LD_RUNPATH_SEARCH_PATHS = "$(inherited) @executable_path/Frameworks @loader_path/Frameworks";
				OTHER_LDFLAGS = (
					"$(inherited)",
					"-ObjC",
					"-lc++",
				);
				PRODUCT_BUNDLE_IDENTIFIER = "com.facebook.REACT.ParqNative-tvOSTests";
				PRODUCT_NAME = "$(TARGET_NAME)";
				SDKROOT = appletvos;
				TEST_HOST = "$(BUILT_PRODUCTS_DIR)/ParqNative-tvOS.app/ParqNative-tvOS";
				TVOS_DEPLOYMENT_TARGET = 10.1;
			};
			name = Release;
		};
		83CBBA201A601CBA00E9B192 /* Debug */ = {
			isa = XCBuildConfiguration;
			buildSettings = {
				ALWAYS_SEARCH_USER_PATHS = NO;
				CLANG_CXX_LANGUAGE_STANDARD = "gnu++0x";
				CLANG_CXX_LIBRARY = "libc++";
				CLANG_ENABLE_MODULES = YES;
				CLANG_ENABLE_OBJC_ARC = YES;
				CLANG_WARN_BLOCK_CAPTURE_AUTORELEASING = YES;
				CLANG_WARN_BOOL_CONVERSION = YES;
				CLANG_WARN_COMMA = YES;
				CLANG_WARN_CONSTANT_CONVERSION = YES;
				CLANG_WARN_DEPRECATED_OBJC_IMPLEMENTATIONS = YES;
				CLANG_WARN_DIRECT_OBJC_ISA_USAGE = YES_ERROR;
				CLANG_WARN_EMPTY_BODY = YES;
				CLANG_WARN_ENUM_CONVERSION = YES;
				CLANG_WARN_INFINITE_RECURSION = YES;
				CLANG_WARN_INT_CONVERSION = YES;
				CLANG_WARN_NON_LITERAL_NULL_CONVERSION = YES;
				CLANG_WARN_OBJC_IMPLICIT_RETAIN_SELF = YES;
				CLANG_WARN_OBJC_LITERAL_CONVERSION = YES;
				CLANG_WARN_OBJC_ROOT_CLASS = YES_ERROR;
				CLANG_WARN_RANGE_LOOP_ANALYSIS = YES;
				CLANG_WARN_STRICT_PROTOTYPES = YES;
				CLANG_WARN_SUSPICIOUS_MOVE = YES;
				CLANG_WARN_UNREACHABLE_CODE = YES;
				CLANG_WARN__DUPLICATE_METHOD_MATCH = YES;
				"CODE_SIGN_IDENTITY[sdk=iphoneos*]" = "iPhone Developer";
				COPY_PHASE_STRIP = NO;
				ENABLE_STRICT_OBJC_MSGSEND = YES;
				ENABLE_TESTABILITY = YES;
				GCC_C_LANGUAGE_STANDARD = gnu99;
				GCC_DYNAMIC_NO_PIC = NO;
				GCC_NO_COMMON_BLOCKS = YES;
				GCC_OPTIMIZATION_LEVEL = 0;
				GCC_PREPROCESSOR_DEFINITIONS = (
					"DEBUG=1",
					"$(inherited)",
				);
				GCC_SYMBOLS_PRIVATE_EXTERN = NO;
				GCC_WARN_64_TO_32_BIT_CONVERSION = YES;
				GCC_WARN_ABOUT_RETURN_TYPE = YES_ERROR;
				GCC_WARN_UNDECLARED_SELECTOR = YES;
				GCC_WARN_UNINITIALIZED_AUTOS = YES_AGGRESSIVE;
				GCC_WARN_UNUSED_FUNCTION = YES;
				GCC_WARN_UNUSED_VARIABLE = YES;
				IPHONEOS_DEPLOYMENT_TARGET = 9.0;
				MTL_ENABLE_DEBUG_INFO = YES;
				ONLY_ACTIVE_ARCH = YES;
				SDKROOT = iphoneos;
			};
			name = Debug;
		};
		83CBBA211A601CBA00E9B192 /* Release */ = {
			isa = XCBuildConfiguration;
			buildSettings = {
				ALWAYS_SEARCH_USER_PATHS = NO;
				CLANG_CXX_LANGUAGE_STANDARD = "gnu++0x";
				CLANG_CXX_LIBRARY = "libc++";
				CLANG_ENABLE_MODULES = YES;
				CLANG_ENABLE_OBJC_ARC = YES;
				CLANG_WARN_BLOCK_CAPTURE_AUTORELEASING = YES;
				CLANG_WARN_BOOL_CONVERSION = YES;
				CLANG_WARN_COMMA = YES;
				CLANG_WARN_CONSTANT_CONVERSION = YES;
				CLANG_WARN_DEPRECATED_OBJC_IMPLEMENTATIONS = YES;
				CLANG_WARN_DIRECT_OBJC_ISA_USAGE = YES_ERROR;
				CLANG_WARN_EMPTY_BODY = YES;
				CLANG_WARN_ENUM_CONVERSION = YES;
				CLANG_WARN_INFINITE_RECURSION = YES;
				CLANG_WARN_INT_CONVERSION = YES;
				CLANG_WARN_NON_LITERAL_NULL_CONVERSION = YES;
				CLANG_WARN_OBJC_IMPLICIT_RETAIN_SELF = YES;
				CLANG_WARN_OBJC_LITERAL_CONVERSION = YES;
				CLANG_WARN_OBJC_ROOT_CLASS = YES_ERROR;
				CLANG_WARN_RANGE_LOOP_ANALYSIS = YES;
				CLANG_WARN_STRICT_PROTOTYPES = YES;
				CLANG_WARN_SUSPICIOUS_MOVE = YES;
				CLANG_WARN_UNREACHABLE_CODE = YES;
				CLANG_WARN__DUPLICATE_METHOD_MATCH = YES;
				"CODE_SIGN_IDENTITY[sdk=iphoneos*]" = "iPhone Developer";
				COPY_PHASE_STRIP = YES;
				ENABLE_NS_ASSERTIONS = NO;
				ENABLE_STRICT_OBJC_MSGSEND = YES;
				GCC_C_LANGUAGE_STANDARD = gnu99;
				GCC_NO_COMMON_BLOCKS = YES;
				GCC_WARN_64_TO_32_BIT_CONVERSION = YES;
				GCC_WARN_ABOUT_RETURN_TYPE = YES_ERROR;
				GCC_WARN_UNDECLARED_SELECTOR = YES;
				GCC_WARN_UNINITIALIZED_AUTOS = YES_AGGRESSIVE;
				GCC_WARN_UNUSED_FUNCTION = YES;
				GCC_WARN_UNUSED_VARIABLE = YES;
				IPHONEOS_DEPLOYMENT_TARGET = 9.0;
				MTL_ENABLE_DEBUG_INFO = NO;
				SDKROOT = iphoneos;
				VALIDATE_PRODUCT = YES;
			};
			name = Release;
		};
/* End XCBuildConfiguration section */

/* Begin XCConfigurationList section */
		00E357021AD99517003FC87E /* Build configuration list for PBXNativeTarget "ParqNativeTests" */ = {
			isa = XCConfigurationList;
			buildConfigurations = (
				00E356F61AD99517003FC87E /* Debug */,
				00E356F71AD99517003FC87E /* Release */,
			);
			defaultConfigurationIsVisible = 0;
			defaultConfigurationName = Release;
		};
		13B07F931A680F5B00A75B9A /* Build configuration list for PBXNativeTarget "ParqNative" */ = {
			isa = XCConfigurationList;
			buildConfigurations = (
				13B07F941A680F5B00A75B9A /* Debug */,
				13B07F951A680F5B00A75B9A /* Release */,
			);
			defaultConfigurationIsVisible = 0;
			defaultConfigurationName = Release;
		};
		2D02E4BA1E0B4A5E006451C7 /* Build configuration list for PBXNativeTarget "ParqNative-tvOS" */ = {
			isa = XCConfigurationList;
			buildConfigurations = (
				2D02E4971E0B4A5E006451C7 /* Debug */,
				2D02E4981E0B4A5E006451C7 /* Release */,
			);
			defaultConfigurationIsVisible = 0;
			defaultConfigurationName = Release;
		};
		2D02E4BB1E0B4A5E006451C7 /* Build configuration list for PBXNativeTarget "ParqNative-tvOSTests" */ = {
			isa = XCConfigurationList;
			buildConfigurations = (
				2D02E4991E0B4A5E006451C7 /* Debug */,
				2D02E49A1E0B4A5E006451C7 /* Release */,
			);
			defaultConfigurationIsVisible = 0;
			defaultConfigurationName = Release;
		};
		83CBB9FA1A601CBA00E9B192 /* Build configuration list for PBXProject "ParqNative" */ = {
			isa = XCConfigurationList;
			buildConfigurations = (
				83CBBA201A601CBA00E9B192 /* Debug */,
				83CBBA211A601CBA00E9B192 /* Release */,
			);
			defaultConfigurationIsVisible = 0;
			defaultConfigurationName = Release;
		};
/* End XCConfigurationList section */
	};
	rootObject = 83CBB9F71A601CBA00E9B192 /* Project object */;
}
